
Microsoft Visual Studio Solution File, Format Version 12.00
# Visual Studio 14
VisualStudioVersion = 14.0.23107.0
MinimumVisualStudioVersion = 10.0.40219.1
Project("{FAE04EC0-301F-11D3-BF4B-00C04F79EFBC}") = "Fenix", "Fenix.csproj", "{84360BD7-6699-432F-9556-477CBE27D992}"
EndProject
Project("{FAE04EC0-301F-11D3-BF4B-00C04F79EFBC}") = "Fenix.Test", "..\Fenix.Test\Fenix.Test\Fenix.Test.csproj", "{D54D570A-2660-4D68-9697-DD5769F46B7A}"
EndProject
Project("{96E2B04D-8817-42C6-938A-82C39BA4D311}") = "Fenix.TestContent", "..\Fenix.Test\Fenix.TestContent\Fenix.TestContent.contentproj", "{E81517BA-06ED-44E7-838F-49708F31980D}"
EndProject
Global
	GlobalSection(SolutionConfigurationPlatforms) = preSolution
		Debug|x86 = Debug|x86
		Release|x86 = Release|x86
	EndGlobalSection
	GlobalSection(ProjectConfigurationPlatforms) = postSolution
		{84360BD7-6699-432F-9556-477CBE27D992}.Debug|x86.ActiveCfg = Debug|x86
		{84360BD7-6699-432F-9556-477CBE27D992}.Debug|x86.Build.0 = Debug|x86
		{84360BD7-6699-432F-9556-477CBE27D992}.Release|x86.ActiveCfg = Release|x86
		{84360BD7-6699-432F-9556-477CBE27D992}.Release|x86.Build.0 = Release|x86
		{D54D570A-2660-4D68-9697-DD5769F46B7A}.Debug|x86.ActiveCfg = Debug|x86
		{D54D570A-2660-4D68-9697-DD5769F46B7A}.Debug|x86.Build.0 = Debug|x86
		{D54D570A-2660-4D68-9697-DD5769F46B7A}.Release|x86.ActiveCfg = Release|x86
		{D54D570A-2660-4D68-9697-DD5769F46B7A}.Release|x86.Build.0 = Release|x86
		{E81517BA-06ED-44E7-838F-49708F31980D}.Debug|x86.ActiveCfg = Debug|x86
		{E81517BA-06ED-44E7-838F-49708F31980D}.Release|x86.ActiveCfg = Release|x86
	EndGlobalSection
	GlobalSection(SolutionProperties) = preSolution
		HideSolutionNode = FALSE
	EndGlobalSection
EndGlobal
